# THIS IS AN AUTOGENERATED FILE. DO NOT EDIT THIS FILE DIRECTLY.
# yarn lockfile v1


"@react-navigation/elements@^1.2.1":
  version "1.2.1"
  resolved "https://registry.yarnpkg.com/@react-navigation/elements/-/elements-1.2.1.tgz#86f19781c6f34a5c9dd25dca99915e0306f477d1"
  integrity sha512-EnmAbKMsptrliRKf95rdgS6BhMjML+mIns06+G1Vdih6BrEo7/0iytThUv3WBf99AI76dyEq/cqLUwHPiFzXWg==

"@react-navigation/native-stack@^6.2.5":
  version "6.2.5"
  resolved "https://registry.yarnpkg.com/@react-navigation/native-stack/-/native-stack-6.2.5.tgz#bfa19516cf434f831e6d4ba28d32b9bc5436d181"
  integrity sha512-XCtwl4LEr06nzxMG4aXbYfbO/pAjyhGOR3QtBVBq/uGfVGkeK8utKUe925reqd1x099CiEfSJLpgeR2KzzYp+Q==
  dependencies:
    "@react-navigation/elements" "^1.2.1"
    warn-once "^0.1.0"

"@types/react-native-dotenv@^0.2.0":
  version "0.2.0"
  resolved "https://registry.npmjs.org/@types/react-native-dotenv/-/react-native-dotenv-0.2.0.tgz"
  integrity sha512-ZxX+dU/yoQc0jTk+/NWttkiuXceJyN5FpOSqDl0WynN5GDzxwH7OMruQ47qcY8llo2RD3irjvzJ9BwC8gDiq0A==

dotenv@^10.0.0:
  version "10.0.0"
  resolved "https://registry.npmjs.org/dotenv/-/dotenv-10.0.0.tgz"
  integrity sha512-rlBi9d8jpv9Sf1klPjNfFAuWDjKLwTIJJ/VxtoTwIR6hnZxcEOQCZg2oIL3MWBYw5GpUDKOEnND7LXTbIpQ03Q==

react-native-dotenv@^3.2.0:
  version "3.2.0"
  resolved "https://registry.npmjs.org/react-native-dotenv/-/react-native-dotenv-3.2.0.tgz"
  integrity sha512-/gHyvEVkgzLOI1DBes8g52vLV0cRWtxNDG/LgxRqQCeGvbzqJE7Z3tgcg5NsGOMDdr3tNYsm3yDE3GtMQi4sEg==
  dependencies:
    dotenv "^10.0.0"

warn-once@^0.1.0:
  version "0.1.0"
  resolved "https://registry.yarnpkg.com/warn-once/-/warn-once-0.1.0.tgz#4f58d89b84f968d0389176aa99e0cf0f14ffd4c8"
  integrity sha512-recZTSvuaH/On5ZU5ywq66y99lImWqzP93+AiUo9LUwG8gXHW+LJjhOd6REJHm7qb0niYqrEQJvbHSQfuJtTqA==
